
Microsoft Visual Studio Solution File, Format Version 12.00
# Visual Studio Version 17
VisualStudioVersion = 17.0.31808.319
MinimumVisualStudioVersion = 10.0.40219.1
Project("{9A19103F-16F7-4668-BE54-9A1E7A4F7556}") = "windowswebgsm", "windowswebgsm.csproj", "{94F05E9D-928E-4C04-A9D6-92CA5CCDB904}"
EndProject
Project("{FAE04EC0-301F-11D3-BF4B-00C04F79EFBC}") = "windowswebgsm.Data", "..\windowswebgsm.Data\windowswebgsm.Data.csproj", "{D9194107-0989-44DC-A2F2-5E72A6E697FD}"
EndProject
Global
	GlobalSection(SolutionConfigurationPlatforms) = preSolution
		Debug|Any CPU = Debug|Any CPU
		Release|Any CPU = Release|Any CPU
	EndGlobalSection
	GlobalSection(ProjectConfigurationPlatforms) = postSolution
		{94F05E9D-928E-4C04-A9D6-92CA5CCDB904}.Debug|Any CPU.ActiveCfg = Debug|Any CPU
		{94F05E9D-928E-4C04-A9D6-92CA5CCDB904}.Debug|Any CPU.Build.0 = Debug|Any CPU
		{94F05E9D-928E-4C04-A9D6-92CA5CCDB904}.Release|Any CPU.ActiveCfg = Release|Any CPU
		{94F05E9D-928E-4C04-A9D6-92CA5CCDB904}.Release|Any CPU.Build.0 = Release|Any CPU
		{D9194107-0989-44DC-A2F2-5E72A6E697FD}.Debug|Any CPU.ActiveCfg = Debug|Any CPU
		{D9194107-0989-44DC-A2F2-5E72A6E697FD}.Debug|Any CPU.Build.0 = Debug|Any CPU
		{D9194107-0989-44DC-A2F2-5E72A6E697FD}.Release|Any CPU.ActiveCfg = Release|Any CPU
		{D9194107-0989-44DC-A2F2-5E72A6E697FD}.Release|Any CPU.Build.0 = Release|Any CPU
	EndGlobalSection
	GlobalSection(SolutionProperties) = preSolution
		HideSolutionNode = FALSE
	EndGlobalSection
	GlobalSection(ExtensibilityGlobals) = postSolution
		SolutionGuid = {60C336C7-1145-4E96-8998-98B4AA5C8CD5}
	EndGlobalSection
EndGlobal
