Microsoft Visual Studio Solution File, Format Version 12.00
# Visual Studio Version 17
VisualStudioVersion = 17.0.31717.71
MinimumVisualStudioVersion = 10.0.40219.1
Project("{9A19103F-16F7-4668-BE54-9A1E7A4F7556}") = "windowswebgsm", "windowswebgsm.csproj", "{2170477A-3159-445F-AC6F-520EAF519048}"
EndProject
Project("{9A19103F-16F7-4668-BE54-9A1E7A4F7556}") = "windowswebgsm.data", "..\windowswebgsm.data\windowswebgsm.data.csproj", "{FE8AC1E9-949F-4F3A-BB85-22DC5606911C}"
EndProject
Global
	GlobalSection(SolutionConfigurationPlatforms) = preSolution
		Debug|Any CPU = Debug|Any CPU
		Release|Any CPU = Release|Any CPU
	EndGlobalSection
	GlobalSection(ProjectConfigurationPlatforms) = postSolution
		{2170477A-3159-445F-AC6F-520EAF519048}.Debug|Any CPU.ActiveCfg = Debug|Any CPU
		{2170477A-3159-445F-AC6F-520EAF519048}.Debug|Any CPU.Build.0 = Debug|Any CPU
		{2170477A-3159-445F-AC6F-520EAF519048}.Release|Any CPU.ActiveCfg = Release|Any CPU
		{2170477A-3159-445F-AC6F-520EAF519048}.Release|Any CPU.Build.0 = Release|Any CPU
		{FE8AC1E9-949F-4F3A-BB85-22DC5606911C}.Debug|Any CPU.ActiveCfg = Debug|Any CPU
		{FE8AC1E9-949F-4F3A-BB85-22DC5606911C}.Debug|Any CPU.Build.0 = Debug|Any CPU
		{FE8AC1E9-949F-4F3A-BB85-22DC5606911C}.Release|Any CPU.ActiveCfg = Release|Any CPU
		{FE8AC1E9-949F-4F3A-BB85-22DC5606911C}.Release|Any CPU.Build.0 = Release|Any CPU
	EndGlobalSection
	GlobalSection(SolutionProperties) = preSolution
		HideSolutionNode = FALSE
	EndGlobalSection
	GlobalSection(ExtensibilityGlobals) = postSolution
		SolutionGuid = {6DD612EB-4530-417B-8917-28C184590B0A}
	EndGlobalSection
EndGlobal
